
Microsoft Visual Studio Solution File, Format Version 12.00
# Visual Studio Version 17
VisualStudioVersion = 17.2.32616.157
MinimumVisualStudioVersion = 10.0.40219.1
Project("{8BC9CEB8-8B4A-11D0-8D11-00A0C91BC942}") = "SWIG_Example", "SIWG_Example\SIWG_Example.vcxproj", "{5443DCEB-26B9-4965-80CF-E3D4D45DB7A7}"
EndProject
Project("{FAE04EC0-301F-11D3-BF4B-00C04F79EFBC}") = "ConsoleApp1", "ConsoleApp1\ConsoleApp1.csproj", "{1C8E3785-9AD8-47D1-BB2A-E5303880F51C}"
EndProject
Global
	GlobalSection(SolutionConfigurationPlatforms) = preSolution
		Debug|Any CPU = Debug|Any CPU
		Debug|x64 = Debug|x64
		Debug|x86 = Debug|x86
		Release|Any CPU = Release|Any CPU
		Release|x64 = Release|x64
		Release|x86 = Release|x86
	EndGlobalSection
	GlobalSection(ProjectConfigurationPlatforms) = postSolution
		{5443DCEB-26B9-4965-80CF-E3D4D45DB7A7}.Debug|Any CPU.ActiveCfg = Debug|x64
		{5443DCEB-26B9-4965-80CF-E3D4D45DB7A7}.Debug|Any CPU.Build.0 = Debug|x64
		{5443DCEB-26B9-4965-80CF-E3D4D45DB7A7}.Debug|x64.ActiveCfg = Debug|x64
		{5443DCEB-26B9-4965-80CF-E3D4D45DB7A7}.Debug|x64.Build.0 = Debug|x64
		{5443DCEB-26B9-4965-80CF-E3D4D45DB7A7}.Debug|x86.ActiveCfg = Debug|Win32
		{5443DCEB-26B9-4965-80CF-E3D4D45DB7A7}.Debug|x86.Build.0 = Debug|Win32
		{5443DCEB-26B9-4965-80CF-E3D4D45DB7A7}.Release|Any CPU.ActiveCfg = Release|x64
		{5443DCEB-26B9-4965-80CF-E3D4D45DB7A7}.Release|Any CPU.Build.0 = Release|x64
		{5443DCEB-26B9-4965-80CF-E3D4D45DB7A7}.Release|x64.ActiveCfg = Release|x64
		{5443DCEB-26B9-4965-80CF-E3D4D45DB7A7}.Release|x64.Build.0 = Release|x64
		{5443DCEB-26B9-4965-80CF-E3D4D45DB7A7}.Release|x86.ActiveCfg = Release|Win32
		{5443DCEB-26B9-4965-80CF-E3D4D45DB7A7}.Release|x86.Build.0 = Release|Win32
		{1C8E3785-9AD8-47D1-BB2A-E5303880F51C}.Debug|Any CPU.ActiveCfg = Debug|Any CPU
		{1C8E3785-9AD8-47D1-BB2A-E5303880F51C}.Debug|Any CPU.Build.0 = Debug|Any CPU
		{1C8E3785-9AD8-47D1-BB2A-E5303880F51C}.Debug|x64.ActiveCfg = Debug|Any CPU
		{1C8E3785-9AD8-47D1-BB2A-E5303880F51C}.Debug|x64.Build.0 = Debug|Any CPU
		{1C8E3785-9AD8-47D1-BB2A-E5303880F51C}.Debug|x86.ActiveCfg = Debug|Any CPU
		{1C8E3785-9AD8-47D1-BB2A-E5303880F51C}.Debug|x86.Build.0 = Debug|Any CPU
		{1C8E3785-9AD8-47D1-BB2A-E5303880F51C}.Release|Any CPU.ActiveCfg = Release|Any CPU
		{1C8E3785-9AD8-47D1-BB2A-E5303880F51C}.Release|Any CPU.Build.0 = Release|Any CPU
		{1C8E3785-9AD8-47D1-BB2A-E5303880F51C}.Release|x64.ActiveCfg = Release|Any CPU
		{1C8E3785-9AD8-47D1-BB2A-E5303880F51C}.Release|x64.Build.0 = Release|Any CPU
		{1C8E3785-9AD8-47D1-BB2A-E5303880F51C}.Release|x86.ActiveCfg = Release|Any CPU
		{1C8E3785-9AD8-47D1-BB2A-E5303880F51C}.Release|x86.Build.0 = Release|Any CPU
	EndGlobalSection
	GlobalSection(SolutionProperties) = preSolution
		HideSolutionNode = FALSE
	EndGlobalSection
	GlobalSection(ExtensibilityGlobals) = postSolution
		SolutionGuid = {4F2A3257-C681-461E-BBC6-DAC685C8E6E3}
	EndGlobalSection
EndGlobal
